
Microsoft Visual Studio Solution File, Format Version 12.00
# Visual Studio Version 17
VisualStudioVersion = 17.6.33606.364
MinimumVisualStudioVersion = 10.0.40219.1
Project("{9A19103F-16F7-4668-BE54-9A1E7A4F7556}") = "MyBlazorApp.Server", "MyBlazorApp\Server\MyBlazorApp.Server.csproj", "{854DA5BA-9C3F-40DE-8232-DA01AEE020D5}"
EndProject
Project("{9A19103F-16F7-4668-BE54-9A1E7A4F7556}") = "MyBlazorApp.Shared", "MyBlazorApp\Shared\MyBlazorApp.Shared.csproj", "{339271D0-C32A-4BB1-9ED5-833CB2079F9C}"
EndProject
Project("{9A19103F-16F7-4668-BE54-9A1E7A4F7556}") = "MyBlazorApp.Net", "MyBlazorApp\Client\Net\MyBlazorApp.Net.csproj", "{C41FD8C5-F31B-4EC7-A7DB-708726A906C2}"
EndProject
Project("{9A19103F-16F7-4668-BE54-9A1E7A4F7556}") = "MyBlazorApp.Services", "MyBlazorApp\Client\Services\MyBlazorApp.Services.csproj", "{C9F8AA19-3042-4911-8D30-1AF1732465F8}"
EndProject
Project("{9A19103F-16F7-4668-BE54-9A1E7A4F7556}") = "MyBlazorApp.Mocks", "MyBlazorApp\Client\Mocks\MyBlazorApp.Mocks.csproj", "{59022CBD-120B-4229-8165-8678FF17B88E}"
EndProject
Project("{9A19103F-16F7-4668-BE54-9A1E7A4F7556}") = "MyBlazorApp.Client", "MyBlazorApp\Client\ClientApp\MyBlazorApp.Client.csproj", "{E447ABB1-B946-4259-9A9E-149E6B45628D}"
EndProject
Global
	GlobalSection(SolutionConfigurationPlatforms) = preSolution
		Debug|Any CPU = Debug|Any CPU
		MockNetApi|Any CPU = MockNetApi|Any CPU
		MockService|Any CPU = MockService|Any CPU
		Release|Any CPU = Release|Any CPU
	EndGlobalSection
	GlobalSection(ProjectConfigurationPlatforms) = postSolution
		{854DA5BA-9C3F-40DE-8232-DA01AEE020D5}.Debug|Any CPU.ActiveCfg = Debug|Any CPU
		{854DA5BA-9C3F-40DE-8232-DA01AEE020D5}.Debug|Any CPU.Build.0 = Debug|Any CPU
		{854DA5BA-9C3F-40DE-8232-DA01AEE020D5}.MockNetApi|Any CPU.ActiveCfg = MockNetApi|Any CPU
		{854DA5BA-9C3F-40DE-8232-DA01AEE020D5}.MockNetApi|Any CPU.Build.0 = MockNetApi|Any CPU
		{854DA5BA-9C3F-40DE-8232-DA01AEE020D5}.MockService|Any CPU.ActiveCfg = MockService|Any CPU
		{854DA5BA-9C3F-40DE-8232-DA01AEE020D5}.MockService|Any CPU.Build.0 = MockService|Any CPU
		{854DA5BA-9C3F-40DE-8232-DA01AEE020D5}.Release|Any CPU.ActiveCfg = Release|Any CPU
		{854DA5BA-9C3F-40DE-8232-DA01AEE020D5}.Release|Any CPU.Build.0 = Release|Any CPU
		{339271D0-C32A-4BB1-9ED5-833CB2079F9C}.Debug|Any CPU.ActiveCfg = Debug|Any CPU
		{339271D0-C32A-4BB1-9ED5-833CB2079F9C}.Debug|Any CPU.Build.0 = Debug|Any CPU
		{339271D0-C32A-4BB1-9ED5-833CB2079F9C}.MockNetApi|Any CPU.ActiveCfg = MockNetApi|Any CPU
		{339271D0-C32A-4BB1-9ED5-833CB2079F9C}.MockNetApi|Any CPU.Build.0 = MockNetApi|Any CPU
		{339271D0-C32A-4BB1-9ED5-833CB2079F9C}.MockService|Any CPU.ActiveCfg = MockService|Any CPU
		{339271D0-C32A-4BB1-9ED5-833CB2079F9C}.MockService|Any CPU.Build.0 = MockService|Any CPU
		{339271D0-C32A-4BB1-9ED5-833CB2079F9C}.Release|Any CPU.ActiveCfg = Release|Any CPU
		{339271D0-C32A-4BB1-9ED5-833CB2079F9C}.Release|Any CPU.Build.0 = Release|Any CPU
		{C41FD8C5-F31B-4EC7-A7DB-708726A906C2}.Debug|Any CPU.ActiveCfg = Debug|Any CPU
		{C41FD8C5-F31B-4EC7-A7DB-708726A906C2}.Debug|Any CPU.Build.0 = Debug|Any CPU
		{C41FD8C5-F31B-4EC7-A7DB-708726A906C2}.MockNetApi|Any CPU.ActiveCfg = MockNetApi|Any CPU
		{C41FD8C5-F31B-4EC7-A7DB-708726A906C2}.MockNetApi|Any CPU.Build.0 = MockNetApi|Any CPU
		{C41FD8C5-F31B-4EC7-A7DB-708726A906C2}.MockService|Any CPU.ActiveCfg = MockService|Any CPU
		{C41FD8C5-F31B-4EC7-A7DB-708726A906C2}.MockService|Any CPU.Build.0 = MockService|Any CPU
		{C41FD8C5-F31B-4EC7-A7DB-708726A906C2}.Release|Any CPU.ActiveCfg = Release|Any CPU
		{C41FD8C5-F31B-4EC7-A7DB-708726A906C2}.Release|Any CPU.Build.0 = Release|Any CPU
		{C9F8AA19-3042-4911-8D30-1AF1732465F8}.Debug|Any CPU.ActiveCfg = Debug|Any CPU
		{C9F8AA19-3042-4911-8D30-1AF1732465F8}.Debug|Any CPU.Build.0 = Debug|Any CPU
		{C9F8AA19-3042-4911-8D30-1AF1732465F8}.MockNetApi|Any CPU.ActiveCfg = MockNetApi|Any CPU
		{C9F8AA19-3042-4911-8D30-1AF1732465F8}.MockNetApi|Any CPU.Build.0 = MockNetApi|Any CPU
		{C9F8AA19-3042-4911-8D30-1AF1732465F8}.MockService|Any CPU.ActiveCfg = MockService|Any CPU
		{C9F8AA19-3042-4911-8D30-1AF1732465F8}.MockService|Any CPU.Build.0 = MockService|Any CPU
		{C9F8AA19-3042-4911-8D30-1AF1732465F8}.Release|Any CPU.ActiveCfg = Release|Any CPU
		{C9F8AA19-3042-4911-8D30-1AF1732465F8}.Release|Any CPU.Build.0 = Release|Any CPU
		{59022CBD-120B-4229-8165-8678FF17B88E}.Debug|Any CPU.ActiveCfg = Debug|Any CPU
		{59022CBD-120B-4229-8165-8678FF17B88E}.Debug|Any CPU.Build.0 = Debug|Any CPU
		{59022CBD-120B-4229-8165-8678FF17B88E}.MockNetApi|Any CPU.ActiveCfg = MockNetApi|Any CPU
		{59022CBD-120B-4229-8165-8678FF17B88E}.MockNetApi|Any CPU.Build.0 = MockNetApi|Any CPU
		{59022CBD-120B-4229-8165-8678FF17B88E}.MockService|Any CPU.ActiveCfg = MockService|Any CPU
		{59022CBD-120B-4229-8165-8678FF17B88E}.MockService|Any CPU.Build.0 = MockService|Any CPU
		{59022CBD-120B-4229-8165-8678FF17B88E}.Release|Any CPU.ActiveCfg = Release|Any CPU
		{59022CBD-120B-4229-8165-8678FF17B88E}.Release|Any CPU.Build.0 = Release|Any CPU
		{E447ABB1-B946-4259-9A9E-149E6B45628D}.Debug|Any CPU.ActiveCfg = Debug|Any CPU
		{E447ABB1-B946-4259-9A9E-149E6B45628D}.Debug|Any CPU.Build.0 = Debug|Any CPU
		{E447ABB1-B946-4259-9A9E-149E6B45628D}.MockNetApi|Any CPU.ActiveCfg = MockNetApi|Any CPU
		{E447ABB1-B946-4259-9A9E-149E6B45628D}.MockNetApi|Any CPU.Build.0 = MockNetApi|Any CPU
		{E447ABB1-B946-4259-9A9E-149E6B45628D}.MockService|Any CPU.ActiveCfg = MockService|Any CPU
		{E447ABB1-B946-4259-9A9E-149E6B45628D}.MockService|Any CPU.Build.0 = MockService|Any CPU
		{E447ABB1-B946-4259-9A9E-149E6B45628D}.Release|Any CPU.ActiveCfg = Release|Any CPU
		{E447ABB1-B946-4259-9A9E-149E6B45628D}.Release|Any CPU.Build.0 = Release|Any CPU
	EndGlobalSection
	GlobalSection(SolutionProperties) = preSolution
		HideSolutionNode = FALSE
	EndGlobalSection
	GlobalSection(ExtensibilityGlobals) = postSolution
		SolutionGuid = {2B81E9B7-BCDA-4F5A-8487-06C630803A0E}
	EndGlobalSection
EndGlobal
